
Microsoft Visual Studio Solution File, Format Version 12.00
# Visual Studio Version 17
VisualStudioVersion = 17.0.31717.71
MinimumVisualStudioVersion = 10.0.40219.1
Project("{9A19103F-16F7-4668-BE54-9A1E7A4F7556}") = "IndiciesOfTwoNumbers", "IndiciesOfTwoNumbers\IndiciesOfTwoNumbers.csproj", "{9021E0EE-A94C-4D9C-A3D4-DD5CA0683F42}"
EndProject
Project("{2150E333-8FDC-42A3-9474-1A3956D46DE8}") = "Tests", "Tests", "{930BA8F5-837D-44C6-948E-C399FE164656}"
EndProject
Project("{FAE04EC0-301F-11D3-BF4B-00C04F79EFBC}") = "IndiciesOfTwoNumbersTests", "IndiciesOfTwoNumbersTests\IndiciesOfTwoNumbersTests.csproj", "{A6099B04-7AA1-4C4E-A7E5-F6CC81FFDB39}"
EndProject
Global
	GlobalSection(SolutionConfigurationPlatforms) = preSolution
		Debug|Any CPU = Debug|Any CPU
		Release|Any CPU = Release|Any CPU
	EndGlobalSection
	GlobalSection(ProjectConfigurationPlatforms) = postSolution
		{9021E0EE-A94C-4D9C-A3D4-DD5CA0683F42}.Debug|Any CPU.ActiveCfg = Debug|Any CPU
		{9021E0EE-A94C-4D9C-A3D4-DD5CA0683F42}.Debug|Any CPU.Build.0 = Debug|Any CPU
		{9021E0EE-A94C-4D9C-A3D4-DD5CA0683F42}.Release|Any CPU.ActiveCfg = Release|Any CPU
		{9021E0EE-A94C-4D9C-A3D4-DD5CA0683F42}.Release|Any CPU.Build.0 = Release|Any CPU
		{A6099B04-7AA1-4C4E-A7E5-F6CC81FFDB39}.Debug|Any CPU.ActiveCfg = Debug|Any CPU
		{A6099B04-7AA1-4C4E-A7E5-F6CC81FFDB39}.Debug|Any CPU.Build.0 = Debug|Any CPU
		{A6099B04-7AA1-4C4E-A7E5-F6CC81FFDB39}.Release|Any CPU.ActiveCfg = Release|Any CPU
		{A6099B04-7AA1-4C4E-A7E5-F6CC81FFDB39}.Release|Any CPU.Build.0 = Release|Any CPU
	EndGlobalSection
	GlobalSection(SolutionProperties) = preSolution
		HideSolutionNode = FALSE
	EndGlobalSection
	GlobalSection(NestedProjects) = preSolution
		{A6099B04-7AA1-4C4E-A7E5-F6CC81FFDB39} = {930BA8F5-837D-44C6-948E-C399FE164656}
	EndGlobalSection
	GlobalSection(ExtensibilityGlobals) = postSolution
		SolutionGuid = {1DBF8820-D4E4-40BD-9381-34696E28CEBD}
	EndGlobalSection
EndGlobal
